
Microsoft Visual Studio Solution File, Format Version 12.00
# Visual Studio 15
VisualStudioVersion = 15.0.34320.172
MinimumVisualStudioVersion = 10.0.40219.1
Project("{FAE04EC0-301F-11D3-BF4B-00C04F79EFBC}") = "API_Sample_Mflix", "API_Sample_Mflix\API_Sample_Mflix.csproj", "{1CBFBB35-0FA6-48F6-AAC7-A442D58CBAEB}"
EndProject
Global
	GlobalSection(SolutionConfigurationPlatforms) = preSolution
		Debug|Any CPU = Debug|Any CPU
		Release|Any CPU = Release|Any CPU
	EndGlobalSection
	GlobalSection(ProjectConfigurationPlatforms) = postSolution
		{1CBFBB35-0FA6-48F6-AAC7-A442D58CBAEB}.Debug|Any CPU.ActiveCfg = Debug|Any CPU
		{1CBFBB35-0FA6-48F6-AAC7-A442D58CBAEB}.Debug|Any CPU.Build.0 = Debug|Any CPU
		{1CBFBB35-0FA6-48F6-AAC7-A442D58CBAEB}.Release|Any CPU.ActiveCfg = Release|Any CPU
		{1CBFBB35-0FA6-48F6-AAC7-A442D58CBAEB}.Release|Any CPU.Build.0 = Release|Any CPU
	EndGlobalSection
	GlobalSection(SolutionProperties) = preSolution
		HideSolutionNode = FALSE
	EndGlobalSection
	GlobalSection(ExtensibilityGlobals) = postSolution
		SolutionGuid = {E169E688-220D-45B5-B518-C2169AEFD3FF}
	EndGlobalSection
EndGlobal
